
Microsoft Visual Studio Solution File, Format Version 12.00
# Visual Studio Version 16
VisualStudioVersion = 16.0.31105.61
MinimumVisualStudioVersion = 10.0.40219.1
Project("{9A19103F-16F7-4668-BE54-9A1E7A4F7556}") = "Licznik", "Licznik\Licznik.csproj", "{62C8CF22-76FA-49B4-8DF8-AF5EE4039AB1}"
EndProject
Project("{2150E333-8FDC-42A3-9474-1A3956D46DE8}") = "Solution Items", "Solution Items", "{671488FA-06B6-42FD-BB07-6AC1BEB1CFB8}"
	ProjectSection(SolutionItems) = preProject
		.editorconfig = .editorconfig
	EndProjectSection
EndProject
Global
	GlobalSection(SolutionConfigurationPlatforms) = preSolution
		Debug|Any CPU = Debug|Any CPU
		Debug|x64 = Debug|x64
		Release|Any CPU = Release|Any CPU
		Release|x64 = Release|x64
	EndGlobalSection
	GlobalSection(ProjectConfigurationPlatforms) = postSolution
		{62C8CF22-76FA-49B4-8DF8-AF5EE4039AB1}.Debug|Any CPU.ActiveCfg = Debug|Any CPU
		{62C8CF22-76FA-49B4-8DF8-AF5EE4039AB1}.Debug|Any CPU.Build.0 = Debug|Any CPU
		{62C8CF22-76FA-49B4-8DF8-AF5EE4039AB1}.Debug|x64.ActiveCfg = Debug|x64
		{62C8CF22-76FA-49B4-8DF8-AF5EE4039AB1}.Debug|x64.Build.0 = Debug|x64
		{62C8CF22-76FA-49B4-8DF8-AF5EE4039AB1}.Release|Any CPU.ActiveCfg = Release|Any CPU
		{62C8CF22-76FA-49B4-8DF8-AF5EE4039AB1}.Release|Any CPU.Build.0 = Release|Any CPU
		{62C8CF22-76FA-49B4-8DF8-AF5EE4039AB1}.Release|x64.ActiveCfg = Release|x64
		{62C8CF22-76FA-49B4-8DF8-AF5EE4039AB1}.Release|x64.Build.0 = Release|x64
	EndGlobalSection
	GlobalSection(SolutionProperties) = preSolution
		HideSolutionNode = FALSE
	EndGlobalSection
	GlobalSection(ExtensibilityGlobals) = postSolution
		SolutionGuid = {7D2AB24C-1E48-46A4-B0DD-F8786078518F}
	EndGlobalSection
EndGlobal
